
Microsoft Visual Studio Solution File, Format Version 12.00
# Visual Studio 15
VisualStudioVersion = 15.0.28010.2050
MinimumVisualStudioVersion = 10.0.40219.1
Project("{FAE04EC0-301F-11D3-BF4B-00C04F79EFBC}") = "WpfMouseWheelLib", "Lib\WpfMouseWheelLib.csproj", "{1974416A-D671-4979-B7FB-2BC499595D07}"
EndProject
Project("{FAE04EC0-301F-11D3-BF4B-00C04F79EFBC}") = "WpfMouseWheelEnhanced", "Apps\EnhancedDemo\WpfMouseWheelEnhanced.csproj", "{06EC6E66-2A3D-4C86-86DC-0D726AAFF61F}"
EndProject
Project("{FAE04EC0-301F-11D3-BF4B-00C04F79EFBC}") = "WpfMouseWheelNative", "Apps\NativeDemo\WpfMouseWheelNative.csproj", "{63CA26E0-E74C-49CE-BCE8-A096AE930579}"
EndProject
Project("{FAE04EC0-301F-11D3-BF4B-00C04F79EFBC}") = "SmoothScroll", "Apps\SmoothScroll\SmoothScroll.csproj", "{F3F7D76A-49E5-4EF4-9615-D6B46B37752D}"
EndProject
Project("{2150E333-8FDC-42A3-9474-1A3956D46DE8}") = "Apps", "Apps", "{055FA401-D6A4-473B-B069-3204BADE781A}"
EndProject
Project("{FAE04EC0-301F-11D3-BF4B-00C04F79EFBC}") = "WpfMouseWheel.Test", "WpfMouseWheel.Test\WpfMouseWheel.Test.csproj", "{2268FC8F-C5F2-448C-B6DA-CB2FCE10B34F}"
EndProject
Global
	GlobalSection(SolutionConfigurationPlatforms) = preSolution
		Debug|Any CPU = Debug|Any CPU
		Release|Any CPU = Release|Any CPU
	EndGlobalSection
	GlobalSection(ProjectConfigurationPlatforms) = postSolution
		{1974416A-D671-4979-B7FB-2BC499595D07}.Debug|Any CPU.ActiveCfg = Debug|Any CPU
		{1974416A-D671-4979-B7FB-2BC499595D07}.Debug|Any CPU.Build.0 = Debug|Any CPU
		{1974416A-D671-4979-B7FB-2BC499595D07}.Release|Any CPU.ActiveCfg = Release|Any CPU
		{1974416A-D671-4979-B7FB-2BC499595D07}.Release|Any CPU.Build.0 = Release|Any CPU
		{06EC6E66-2A3D-4C86-86DC-0D726AAFF61F}.Debug|Any CPU.ActiveCfg = Debug|Any CPU
		{06EC6E66-2A3D-4C86-86DC-0D726AAFF61F}.Debug|Any CPU.Build.0 = Debug|Any CPU
		{06EC6E66-2A3D-4C86-86DC-0D726AAFF61F}.Release|Any CPU.ActiveCfg = Release|Any CPU
		{06EC6E66-2A3D-4C86-86DC-0D726AAFF61F}.Release|Any CPU.Build.0 = Release|Any CPU
		{63CA26E0-E74C-49CE-BCE8-A096AE930579}.Debug|Any CPU.ActiveCfg = Debug|Any CPU
		{63CA26E0-E74C-49CE-BCE8-A096AE930579}.Debug|Any CPU.Build.0 = Debug|Any CPU
		{63CA26E0-E74C-49CE-BCE8-A096AE930579}.Release|Any CPU.ActiveCfg = Release|Any CPU
		{63CA26E0-E74C-49CE-BCE8-A096AE930579}.Release|Any CPU.Build.0 = Release|Any CPU
		{F3F7D76A-49E5-4EF4-9615-D6B46B37752D}.Debug|Any CPU.ActiveCfg = Debug|Any CPU
		{F3F7D76A-49E5-4EF4-9615-D6B46B37752D}.Debug|Any CPU.Build.0 = Debug|Any CPU
		{F3F7D76A-49E5-4EF4-9615-D6B46B37752D}.Release|Any CPU.ActiveCfg = Release|Any CPU
		{F3F7D76A-49E5-4EF4-9615-D6B46B37752D}.Release|Any CPU.Build.0 = Release|Any CPU
		{2268FC8F-C5F2-448C-B6DA-CB2FCE10B34F}.Debug|Any CPU.ActiveCfg = Debug|Any CPU
		{2268FC8F-C5F2-448C-B6DA-CB2FCE10B34F}.Debug|Any CPU.Build.0 = Debug|Any CPU
		{2268FC8F-C5F2-448C-B6DA-CB2FCE10B34F}.Release|Any CPU.ActiveCfg = Release|Any CPU
		{2268FC8F-C5F2-448C-B6DA-CB2FCE10B34F}.Release|Any CPU.Build.0 = Release|Any CPU
	EndGlobalSection
	GlobalSection(SolutionProperties) = preSolution
		HideSolutionNode = FALSE
	EndGlobalSection
	GlobalSection(NestedProjects) = preSolution
		{06EC6E66-2A3D-4C86-86DC-0D726AAFF61F} = {055FA401-D6A4-473B-B069-3204BADE781A}
		{63CA26E0-E74C-49CE-BCE8-A096AE930579} = {055FA401-D6A4-473B-B069-3204BADE781A}
		{F3F7D76A-49E5-4EF4-9615-D6B46B37752D} = {055FA401-D6A4-473B-B069-3204BADE781A}
	EndGlobalSection
	GlobalSection(ExtensibilityGlobals) = postSolution
		SolutionGuid = {7636B2AA-7B46-4D61-9A59-D58D088695B5}
	EndGlobalSection
EndGlobal
